hash: 4b1720298ebcd9aa5bb3bd79759ace2e1fb34fe541eca984b978f81832865de9
updated: 2018-08-23T16:47:43.268663+08:00
imports:
- name: github.com/go-redis/redis
  version: 480db94d33e6088e08d628833b6c0705451d24bb
  subpackages:
  - internal
  - internal/consistenthash
  - internal/hashtag
  - internal/pool
  - internal/proto
  - internal/singleflight
  - internal/util
- name: github.com/moul/http2curl
  version: 9ac6cf4d929b2fa8fd2d2e6dec5bb0feb4f4911d
- name: github.com/parnurzeal/gorequest
  version: a578a48e8d6ca8b01a3b18314c43c6716bb5f5a3
- name: github.com/pkg/errors
  version: 816c9085562cd7ee03e7f8188a1cfd942858cded
- name: go.uber.org/atomic
  version: 1ea20fb1cbb1cc08cbd0d913a96dead89aa18289
- name: go.uber.org/multierr
  version: 3c4937480c32f4c13a875a1829af76c98ca3d40a
- name: go.uber.org/zap
  version: ff33455a0e382e8a81d14dd7c922020b6b5e7982
  subpackages:
  - buffer
  - internal/bufferpool
  - internal/color
  - internal/exit
  - zapcore
- name: golang.org/x/net
  version: 922f4815f713f213882e8ef45e0d315b164d705c
  repo: https://github.com/golang/net.git
  subpackages:
  - publicsuffix
testImports: []
